
Microsoft Visual Studio Solution File, Format Version 12.00
# Visual Studio Version 17
VisualStudioVersion = 17.4.32804.182
MinimumVisualStudioVersion = 10.0.40219.1
Project("{2150E333-8FDC-42A3-9474-1A3956D46DE8}") = "App", "App", "{8C4999A8-3209-42FC-A59A-751964F9686D}"
EndProject
Project("{2150E333-8FDC-42A3-9474-1A3956D46DE8}") = "Business", "Business", "{73E1D2BC-4FBC-4A06-BEE0-075907EB7872}"
EndProject
Project("{2150E333-8FDC-42A3-9474-1A3956D46DE8}") = "Data", "Data", "{2DB85CD5-A01C-46CF-BEAC-CFB307251435}"
EndProject
Project("{2150E333-8FDC-42A3-9474-1A3956D46DE8}") = "Domains", "Domains", "{B5F2CF5F-EC4C-4C1A-8969-4F94B9A58750}"
EndProject
Project("{2150E333-8FDC-42A3-9474-1A3956D46DE8}") = "Infrastructure", "Infrastructure", "{303EBF07-56D3-49C4-9BF5-5E843631C322}"
EndProject
Project("{FAE04EC0-301F-11D3-BF4B-00C04F79EFBC}") = "Marketplace.API", "Marketplace.API\Marketplace.API.csproj", "{87C32398-EDD1-444D-AE59-F941FA1D3713}"
EndProject
Project("{FAE04EC0-301F-11D3-BF4B-00C04F79EFBC}") = "Marketplace.Business", "Marketplace.Business\Marketplace.Business.csproj", "{747AD205-9C14-49DD-BE13-A0ABAE6CE254}"
EndProject
Project("{FAE04EC0-301F-11D3-BF4B-00C04F79EFBC}") = "Marketplace.Domains", "Marketplace.Domains\Marketplace.Domains.csproj", "{FFD94E66-C237-49B9-8746-AE6031B2F8FA}"
EndProject
Project("{FAE04EC0-301F-11D3-BF4B-00C04F79EFBC}") = "Marketplace.Data", "Marketplace.Data\Marketplace.Data.csproj", "{8104731D-57C5-414B-B7EA-0E3662F42A3E}"
EndProject
Project("{FAE04EC0-301F-11D3-BF4B-00C04F79EFBC}") = "Marketplace.Business.Seed", "Marketplace.Business.Seed\Marketplace.Business.Seed.csproj", "{6F635155-AA0C-4615-8D41-230734058F42}"
EndProject
Project("{FAE04EC0-301F-11D3-BF4B-00C04F79EFBC}") = "Marketplace.Business.Utils", "Marketplace.Business.Utils\Marketplace.Business.Utils.csproj", "{2B6342A8-D3F8-45A2-9FDC-79506D813371}"
EndProject
Project("{FAE04EC0-301F-11D3-BF4B-00C04F79EFBC}") = "Marketplace.Infrastructure.Shared", "Marketplace.Infrastructure.Shared\Marketplace.Infrastructure.Shared.csproj", "{D692783D-3F95-48FF-A7F3-E7F070D837C6}"
EndProject
Global
	GlobalSection(SolutionConfigurationPlatforms) = preSolution
		Debug|Any CPU = Debug|Any CPU
		Release|Any CPU = Release|Any CPU
	EndGlobalSection
	GlobalSection(ProjectConfigurationPlatforms) = postSolution
		{87C32398-EDD1-444D-AE59-F941FA1D3713}.Debug|Any CPU.ActiveCfg = Debug|Any CPU
		{87C32398-EDD1-444D-AE59-F941FA1D3713}.Debug|Any CPU.Build.0 = Debug|Any CPU
		{87C32398-EDD1-444D-AE59-F941FA1D3713}.Release|Any CPU.ActiveCfg = Release|Any CPU
		{87C32398-EDD1-444D-AE59-F941FA1D3713}.Release|Any CPU.Build.0 = Release|Any CPU
		{747AD205-9C14-49DD-BE13-A0ABAE6CE254}.Debug|Any CPU.ActiveCfg = Debug|Any CPU
		{747AD205-9C14-49DD-BE13-A0ABAE6CE254}.Debug|Any CPU.Build.0 = Debug|Any CPU
		{747AD205-9C14-49DD-BE13-A0ABAE6CE254}.Release|Any CPU.ActiveCfg = Release|Any CPU
		{747AD205-9C14-49DD-BE13-A0ABAE6CE254}.Release|Any CPU.Build.0 = Release|Any CPU
		{FFD94E66-C237-49B9-8746-AE6031B2F8FA}.Debug|Any CPU.ActiveCfg = Debug|Any CPU
		{FFD94E66-C237-49B9-8746-AE6031B2F8FA}.Debug|Any CPU.Build.0 = Debug|Any CPU
		{FFD94E66-C237-49B9-8746-AE6031B2F8FA}.Release|Any CPU.ActiveCfg = Release|Any CPU
		{FFD94E66-C237-49B9-8746-AE6031B2F8FA}.Release|Any CPU.Build.0 = Release|Any CPU
		{8104731D-57C5-414B-B7EA-0E3662F42A3E}.Debug|Any CPU.ActiveCfg = Debug|Any CPU
		{8104731D-57C5-414B-B7EA-0E3662F42A3E}.Debug|Any CPU.Build.0 = Debug|Any CPU
		{8104731D-57C5-414B-B7EA-0E3662F42A3E}.Release|Any CPU.ActiveCfg = Release|Any CPU
		{8104731D-57C5-414B-B7EA-0E3662F42A3E}.Release|Any CPU.Build.0 = Release|Any CPU
		{6F635155-AA0C-4615-8D41-230734058F42}.Debug|Any CPU.ActiveCfg = Debug|Any CPU
		{6F635155-AA0C-4615-8D41-230734058F42}.Debug|Any CPU.Build.0 = Debug|Any CPU
		{6F635155-AA0C-4615-8D41-230734058F42}.Release|Any CPU.ActiveCfg = Release|Any CPU
		{6F635155-AA0C-4615-8D41-230734058F42}.Release|Any CPU.Build.0 = Release|Any CPU
		{2B6342A8-D3F8-45A2-9FDC-79506D813371}.Debug|Any CPU.ActiveCfg = Debug|Any CPU
		{2B6342A8-D3F8-45A2-9FDC-79506D813371}.Debug|Any CPU.Build.0 = Debug|Any CPU
		{2B6342A8-D3F8-45A2-9FDC-79506D813371}.Release|Any CPU.ActiveCfg = Release|Any CPU
		{2B6342A8-D3F8-45A2-9FDC-79506D813371}.Release|Any CPU.Build.0 = Release|Any CPU
		{D692783D-3F95-48FF-A7F3-E7F070D837C6}.Debug|Any CPU.ActiveCfg = Debug|Any CPU
		{D692783D-3F95-48FF-A7F3-E7F070D837C6}.Debug|Any CPU.Build.0 = Debug|Any CPU
		{D692783D-3F95-48FF-A7F3-E7F070D837C6}.Release|Any CPU.ActiveCfg = Release|Any CPU
		{D692783D-3F95-48FF-A7F3-E7F070D837C6}.Release|Any CPU.Build.0 = Release|Any CPU
	EndGlobalSection
	GlobalSection(SolutionProperties) = preSolution
		HideSolutionNode = FALSE
	EndGlobalSection
	GlobalSection(NestedProjects) = preSolution
		{87C32398-EDD1-444D-AE59-F941FA1D3713} = {8C4999A8-3209-42FC-A59A-751964F9686D}
		{747AD205-9C14-49DD-BE13-A0ABAE6CE254} = {73E1D2BC-4FBC-4A06-BEE0-075907EB7872}
		{FFD94E66-C237-49B9-8746-AE6031B2F8FA} = {B5F2CF5F-EC4C-4C1A-8969-4F94B9A58750}
		{8104731D-57C5-414B-B7EA-0E3662F42A3E} = {2DB85CD5-A01C-46CF-BEAC-CFB307251435}
		{6F635155-AA0C-4615-8D41-230734058F42} = {73E1D2BC-4FBC-4A06-BEE0-075907EB7872}
		{2B6342A8-D3F8-45A2-9FDC-79506D813371} = {73E1D2BC-4FBC-4A06-BEE0-075907EB7872}
		{D692783D-3F95-48FF-A7F3-E7F070D837C6} = {303EBF07-56D3-49C4-9BF5-5E843631C322}
	EndGlobalSection
	GlobalSection(ExtensibilityGlobals) = postSolution
		SolutionGuid = {166E1828-261F-4547-B5F3-22E755C51F25}
	EndGlobalSection
EndGlobal
